{
  "name": "webcat-explorer",
  "lockfileVersion": 3,
  "requires": true,
  "packages": {
    "": {
      "name": "webcat-explorer",
      "dependencies": {
        "@freedomofpress/cometbft": "^0.2.0",
        "@freedomofpress/ics23": "^0.2.0",
        "@freedomofpress/sigstore-browser": "^0.1.15",
        "@freedomofpress/sigsum": "^0.4.0"
      }
    },
    "node_modules/@bufbuild/protobuf": {
      "version": "2.16.0",
      "resolved": "https://registry.npmjs.org/@bufbuild/protobuf/-/protobuf-2.16.0.tgz",
      "integrity": "sha512-FWa0sPlqYGJgpTs6OxBRcL/AW4JT0OIO+W1ajerluoTVh8CV0B7XM1qsNCRgnkSCkRCgOICKHRQlY17jrsm0+Q==",
      "license": "(Apache-2.0 AND BSD-3-Clause)"
    },
    "node_modules/@freedomofpress/cometbft": {
      "version": "0.2.0",
      "resolved": "https://registry.npmjs.org/@freedomofpress/cometbft/-/cometbft-0.2.0.tgz",
      "integrity": "sha512-ONrCr8vsRj4Pj/Ut4O3wvijsKhnojzvx5ZEIiVYnuVt0fyMX7j7x2IzhdOgl3AgYJGqcOLKA5y/OUPCRK7x62g==",
      "license": "MIT",
      "dependencies": {
        "@bufbuild/protobuf": "^2.14.1"
      },
      "engines": {
        "node": ">=22"
      }
    },
    "node_modules/@freedomofpress/crypto-browser": {
      "version": "0.1.8",
      "resolved": "https://registry.npmjs.org/@freedomofpress/crypto-browser/-/crypto-browser-0.1.8.tgz",
      "integrity": "sha512-jvD36HxllT2UCPYzcs4R2UxA8r6dI+4Y62Gm+eVAnC4S3yCrzy2E0Ag1O48FhmMmVo3ZjwchcU8vAJzUSKHzEQ==",
      "license": "Apache-2.0",
      "dependencies": {
        "@noble/curves": "^1.6.0"
      },
      "peerDependencies": {
        "@noble/curves": "^1.6.0"
      }
    },
    "node_modules/@freedomofpress/crypto-browser/node_modules/@noble/curves": {
      "version": "1.9.7",
      "resolved": "https://registry.npmjs.org/@noble/curves/-/curves-1.9.7.tgz",
      "integrity": "sha512-gbKGcRUYIjA3/zCCNaWDciTMFI0dCkvou3TL8Zmy5Nc7sJ47a0jtOeZoTaMxkuqRo9cRhjOdZJXegxYE5FN/xw==",
      "license": "MIT",
      "dependencies": {
        "@noble/hashes": "1.8.0"
      },
      "engines": {
        "node": "^14.21.3 || >=16"
      },
      "funding": {
        "url": "https://paulmillr.com/funding/"
      }
    },
    "node_modules/@freedomofpress/crypto-browser/node_modules/@noble/hashes": {
      "version": "1.8.0",
      "resolved": "https://registry.npmjs.org/@noble/hashes/-/hashes-1.8.0.tgz",
      "integrity": "sha512-jCs9ldd7NwzpgXDIf6P3+NrHh9/sD6CQdxHyjQI+h/6rDNo88ypBxxz45UDuZHz9r3tNz7N/VInSVoVdtXEI4A==",
      "license": "MIT",
      "engines": {
        "node": "^14.21.3 || >=16"
      },
      "funding": {
        "url": "https://paulmillr.com/funding/"
      }
    },
    "node_modules/@freedomofpress/ics23": {
      "version": "0.2.0",
      "resolved": "https://registry.npmjs.org/@freedomofpress/ics23/-/ics23-0.2.0.tgz",
      "integrity": "sha512-r6YnDnaK876ctr6QSBpigD/YXmgcuYsaJ5OQaO3LWzqPjRbuFS/DdsFxj5AISyTVse3C/8NQMzvRUq3Kb5323Q==",
      "license": "Apache-2.0",
      "dependencies": {
        "@bufbuild/protobuf": "^2.14.1"
      },
      "engines": {
        "node": ">=22"
      }
    },
    "node_modules/@freedomofpress/sigstore-browser": {
      "version": "0.1.15",
      "resolved": "https://registry.npmjs.org/@freedomofpress/sigstore-browser/-/sigstore-browser-0.1.15.tgz",
      "integrity": "sha512-INccYE/yJyOc7SUYrQXP69y82w/2u51ZcG3x0RlfjD9qyEl8lUGBmWYAg0WPtv7r4NHf9lSxeDWOZ+Ibo0WaeQ==",
      "license": "MIT",
      "dependencies": {
        "@freedomofpress/crypto-browser": "^0.1.8",
        "@freedomofpress/tuf-browser": "^0.1.11",
        "@noble/curves": "^2.0.1"
      }
    },
    "node_modules/@freedomofpress/sigsum": {
      "version": "0.4.0",
      "resolved": "https://registry.npmjs.org/@freedomofpress/sigsum/-/sigsum-0.4.0.tgz",
      "integrity": "sha512-uVSYPzO5r2uiDb8Mrm3RsvUFCZUPMCzX+4VfmzTtIrKhWoicjgxj7npUFUZ5r0z8Wgr+eh8MnU6sO4/t68c77w==",
      "license": "MIT",
      "engines": {
        "node": ">=22"
      }
    },
    "node_modules/@freedomofpress/tuf-browser": {
      "version": "0.1.11",
      "resolved": "https://registry.npmjs.org/@freedomofpress/tuf-browser/-/tuf-browser-0.1.11.tgz",
      "integrity": "sha512-d76ohB/AS5+zI+lnbiFMX/BIK3nT18hZ8q3Na6X4vyYaSYjXkeknzhAnbx1da+8ObWLwsaZLue46haEch28qtQ==",
      "license": "MIT",
      "dependencies": {
        "@freedomofpress/crypto-browser": "^0.1.7"
      }
    },
    "node_modules/@noble/curves": {
      "version": "2.4.0",
      "resolved": "https://registry.npmjs.org/@noble/curves/-/curves-2.4.0.tgz",
      "integrity": "sha512-P4/62zrgfH33CneE3Dn4WhJVA22YUU0eR51wKIan4NVRvwsA0YnPTwWGpNbpuacSujmSFLvyzpyuR30+fbq2Ew==",
      "license": "MIT",
      "dependencies": {
        "@noble/hashes": "2.4.0"
      },
      "engines": {
        "node": ">= 20.19.0"
      },
      "funding": {
        "url": "https://paulmillr.com/funding/"
      }
    },
    "node_modules/@noble/hashes": {
      "version": "2.4.0",
      "resolved": "https://registry.npmjs.org/@noble/hashes/-/hashes-2.4.0.tgz",
      "integrity": "sha512-X5XaVWZIBCT7HHZGm5I7ZQXDwLG+bGXuSrMQAW+7Zvl87h1kmc1ZB1VSRJcpUfoUrGQp4Fkoxm5kZ+Ms+aW+eA==",
      "license": "MIT",
      "engines": {
        "node": ">= 20.19.0"
      },
      "funding": {
        "url": "https://paulmillr.com/funding/"
      }
    }
  }
}
